<?xml version="1.0" encoding="utf-8"?>
<Project ToolsVersion="4.0" xmlns="http://schemas.microsoft.com/developer/msbuild/2003">
  <ItemGroup>
    <ClCompile Include="Art.cpp">
      <Filter>Source Files</Filter>
    </ClCompile>
    <ClCompile Include="AuctionClient.cpp">
      <Filter>Source Files</Filter>
    </ClCompile>
    <ClCompile Include="AuctionMgr.cpp">
      <Filter>Source Files</Filter>
    </ClCompile>
    <ClCompile Include="Client.cpp">
      <Filter>Source Files</Filter>
    </ClCompile>
    <ClCompile Include="ClientTcp.cpp">
      <Filter>Source Files</Filter>
    </ClCompile>
    <ClCompile Include="GameMgr.cpp">
      <Filter>Source Files</Filter>
    </ClCompile>
    <ClCompile Include="GameServer.cpp">
      <Filter>Source Files</Filter>
    </ClCompile>
    <ClCompile Include="GameSevDlg.cpp">
      <Filter>Source Files</Filter>
    </ClCompile>
    <ClCompile Include="Gbl.cpp">
      <Filter>Source Files</Filter>
    </ClCompile>
    <ClCompile Include="Poker.cpp">
      <Filter>Source Files</Filter>
    </ClCompile>
    <ClCompile Include="ServerTcp.cpp">
      <Filter>Source Files</Filter>
    </ClCompile>
    <ClCompile Include="stdafx.cpp">
      <Filter>Source Files</Filter>
    </ClCompile>
    <ClCompile Include="TexasGame.cpp">
      <Filter>Source Files</Filter>
    </ClCompile>
    <ClCompile Include="Test.cpp">
      <Filter>Source Files</Filter>
    </ClCompile>
    <ClCompile Include="TexasPokerClient.cpp">
      <Filter>Source Files</Filter>
    </ClCompile>
    <ClCompile Include="TexasPokerMgr.cpp">
      <Filter>Source Files</Filter>
    </ClCompile>
    <ClCompile Include="TexasPokerResult.cpp">
      <Filter>Source Files</Filter>
    </ClCompile>
    <ClCompile Include="GameInfoDlg.cpp">
      <Filter>Source Files</Filter>
    </ClCompile>
  </ItemGroup>
  <ItemGroup>
    <ClInclude Include="Art.h">
      <Filter>Header Files</Filter>
    </ClInclude>
    <ClInclude Include="AuctionClient.h">
      <Filter>Header Files</Filter>
    </ClInclude>
    <ClInclude Include="AuctionMgr.h">
      <Filter>Header Files</Filter>
    </ClInclude>
    <ClInclude Include="Client.h">
      <Filter>Header Files</Filter>
    </ClInclude>
    <ClInclude Include="ClientTcp.h">
      <Filter>Header Files</Filter>
    </ClInclude>
    <ClInclude Include="GameMgr.h">
      <Filter>Header Files</Filter>
    </ClInclude>
    <ClInclude Include="GameServer.h">
      <Filter>Header Files</Filter>
    </ClInclude>
    <ClInclude Include="GameSevDlg.h">
      <Filter>Header Files</Filter>
    </ClInclude>
    <ClInclude Include="Gbl.h">
      <Filter>Header Files</Filter>
    </ClInclude>
    <ClInclude Include="Poker.h">
      <Filter>Header Files</Filter>
    </ClInclude>
    <ClInclude Include="Resource.h">
      <Filter>Header Files</Filter>
    </ClInclude>
    <ClInclude Include="ServerTcp.h">
      <Filter>Header Files</Filter>
    </ClInclude>
    <ClInclude Include="stdafx.h">
      <Filter>Header Files</Filter>
    </ClInclude>
    <ClInclude Include="targetver.h">
      <Filter>Header Files</Filter>
    </ClInclude>
    <ClInclude Include="Test.h">
      <Filter>Header Files</Filter>
    </ClInclude>
    <ClInclude Include="TexasGame.h">
      <Filter>Header Files</Filter>
    </ClInclude>
    <ClInclude Include="TexasPokerClient.h">
      <Filter>Header Files</Filter>
    </ClInclude>
    <ClInclude Include="TexasPokerMgr.h">
      <Filter>Header Files</Filter>
    </ClInclude>
    <ClInclude Include="TexasPokerResult.h">
      <Filter>Header Files</Filter>
    </ClInclude>
    <ClInclude Include="GameInfoDlg.h">
      <Filter>Header Files</Filter>
    </ClInclude>
  </ItemGroup>
  <ItemGroup>
    <Image Include="res\GameServer.ico">
      <Filter>Resource Files</Filter>
    </Image>
    <Image Include="res\puke.bmp">
      <Filter>Resource Files</Filter>
    </Image>
  </ItemGroup>
  <ItemGroup>
    <None Include="res\GameServer.rc2">
      <Filter>Resource Files</Filter>
    </None>
  </ItemGroup>
  <ItemGroup>
    <Text Include="ReadMe.txt" />
  </ItemGroup>
  <ItemGroup>
    <Filter Include="Header Files">
      <UniqueIdentifier>{63dffe15-7c85-4907-8631-1eee6b5f91fb}</UniqueIdentifier>
    </Filter>
    <Filter Include="Source Files">
      <UniqueIdentifier>{c3c6e93b-4312-46f3-ba5f-e307c23d6093}</UniqueIdentifier>
    </Filter>
    <Filter Include="Resource Files">
      <UniqueIdentifier>{351e182a-0eff-4d84-b95f-1e8e815a521b}</UniqueIdentifier>
    </Filter>
  </ItemGroup>
  <ItemGroup>
    <ResourceCompile Include="GameServer.rc">
      <Filter>Resource Files</Filter>
    </ResourceCompile>
  </ItemGroup>
</Project>